
Microsoft Visual Studio Solution File, Format Version 12.00
# Visual Studio Version 17
VisualStudioVersion = 17.4.33122.133
MinimumVisualStudioVersion = 10.0.40219.1
Project("{FAE04EC0-301F-11D3-BF4B-00C04F79EFBC}") = "HeidtPhotogrpahySite", "HeidtPhotogrpahySite.csproj", "{B0ED989A-E476-46C5-85FC-12C295011CB5}"
EndProject
Global
	GlobalSection(SolutionConfigurationPlatforms) = preSolution
		Debug|Any CPU = Debug|Any CPU
		Release|Any CPU = Release|Any CPU
	EndGlobalSection
	GlobalSection(ProjectConfigurationPlatforms) = postSolution
		{B0ED989A-E476-46C5-85FC-12C295011CB5}.Debug|Any CPU.ActiveCfg = Debug|Any CPU
		{B0ED989A-E476-46C5-85FC-12C295011CB5}.Debug|Any CPU.Build.0 = Debug|Any CPU
		{B0ED989A-E476-46C5-85FC-12C295011CB5}.Release|Any CPU.ActiveCfg = Release|Any CPU
		{B0ED989A-E476-46C5-85FC-12C295011CB5}.Release|Any CPU.Build.0 = Release|Any CPU
	EndGlobalSection
	GlobalSection(SolutionProperties) = preSolution
		HideSolutionNode = FALSE
	EndGlobalSection
	GlobalSection(ExtensibilityGlobals) = postSolution
		SolutionGuid = {6F32AEC4-CD5D-4ABB-99CF-7AB21634DBD5}
	EndGlobalSection
EndGlobal
